{
  "name": "electron-ng-preferences",
  "version": "0.0.1",
  "lockfileVersion": 1,
  "requires": true,
  "dependencies": {
    "ngx-ui-switch": {
      "version": "8.0.1",
      "resolved": "https://registry.npmjs.org/ngx-ui-switch/-/ngx-ui-switch-8.0.1.tgz",
      "integrity": "sha512-3qkmriWIAu5sg9nggDj6vH6Ilvq52RKoBSMp02831v5+URmM/V0v2tLlgeXal7xcRaagRz8J6VJLmDChyYr4IA=="
    }
  }
}
